{
  "version": 4,
  "terraform_version": "1.2.8",
  "serial": 20,
  "lineage": "26c3b96e-4e9f-5b7c-0df1-553075b8f801",
  "outputs": {},
  "resources": [
    {
      "mode": "managed",
      "type": "libvirt_volume",
      "name": "ubuntu_base_img",
      "provider": "provider[\"registry.terraform.io/dmacvicar/libvirt\"]",
      "instances": [
        {
          "schema_version": 0,
          "attributes": {
            "base_volume_id": null,
            "base_volume_name": null,
            "base_volume_pool": null,
            "format": "qcow2",
            "id": "/Users/hirokihanada/.kvm/k8s-v1/ubuntu_base_img",
            "name": "ubuntu_base_img",
            "pool": "k8s-v1",
            "size": 2361393152,
            "source": "https://cloud-images.ubuntu.com/releases/focal/release/ubuntu-20.04-server-cloudimg-amd64.img",
            "xml": []
          },
          "sensitive_attributes": [],
          "private": "bnVsbA=="
        }
      ]
    },
    {
      "module": "module.control_plane[0]",
      "mode": "managed",
      "type": "libvirt_cloudinit_disk",
      "name": "commoninit",
      "provider": "provider[\"registry.terraform.io/dmacvicar/libvirt\"]",
      "instances": [
        {
          "schema_version": 0,
          "attributes": {
            "id": "/Users/hirokihanada/.kvm/k8s-v1/home-cluster-cp1_commoninit.iso;f98419be-35c9-492f-8529-9474d58e44f0",
            "meta_data": "",
            "name": "home-cluster-cp1_commoninit.iso",
            "network_config": "",
            "pool": "k8s-v1",
            "user_data": "#cloud-config\n# hostname: home-cluster-cp1.k8s.home\nfqdn: home-cluster-cp1.k8s.home\ntimezone: Asia/Tokyo  \nssh_pwauth: false\nchpasswd:\n  expire: false\n  list: root:password\nusers:\n  - name: ubuntu\n    sudo: ALL=(ALL) NOPASSWD:ALL\n    groups:\n      - users\n      - admin\n    shell: /bin/bash\n    lock_passwd: false\n    ssh_authorized_keys:\n          - ssh-rsa AAAAB3NzaC1yc2EAAAADAQABAAACAQCVDhT/P9zxI4ypW39uNYbkcl5kadudwPcJDdnCK1s5oURgNlmPpRtHP3l2Bfp2v4kd35PyQGXWA9xlK+oud5sILV04R1I0/lmr2p6HPO9lfhFuHxm+irXiJdkCdv9ymw7jrYSQPQy/Wv29pwSEVgha2OZnyUh7jsPw1XGVlv4ZjJxkYa/fRm2ERikz/2Qg7vCVRUoz8kAqVRgp+Ra5wR4WMY8XmF0b8vaucaV/vcCRV1w2/KQ9Vg5EHwkmZXRktSAiEMe/7a53ox4ADSY/hehR0bwEYBHcx93vUdOMztkQhW5AzJeqcbkc6jS0mBhU1HEmi1HFEVYP0sAGoIoQKrB/Un3hVt81B+xpZZVKFyoi7B56eZqEBfTf+bBlxWMpGcYjYO8AHzzT7tn7NM+0hvxATqdLGgt0/PryttW4W5FMKvJ+3t8VLO+RswwcDlgkPwIKkFLQV/ThXqBy7fZSL2hrlVN1xwLIgz8Z1mOaezHO+A+TQIkOjQG/jTx/f/aK4b9Pd0U2gyYMv7mKG+o84tSY0gU+geWtBhZKrg8r8iWGnhKJlYlZvISSUl1499svE1t1WSt4wOP+1B/LFJyk/1i9jXOfqYGiR5MHeBY6PXpjW/PkdSRudOIJ+4gkXdGIXTu41uIm5XLCIF5H9JHV6IgulurGia6Hp60omc6WG+gSUw== Hiroki macbook air\n          - ssh-rsa AAAAB3NzaC1yc2EAAAADAQABAAABgQDMrBQUa4iADNPo3q/AQjpQyt1GFsdYKEW9Hd8kC478o3G4UbpuempbF/TlLixp/5tusMQjV9n/8kMJF1kj4lrsFHShftd7+ZXvUKkny8vEOF7aj79j3V9nYFPJ4NFIuJdzPsdfBG51DaT3wbossCEZshfNMc9iBISSLbSwDi6rwxCZX75GvQlMOR5TZSOXe7exj/28QSkyI9hcCbnbK0JG6Kabcxh1ZFAX/BwxDv/ywShWNbM2Y66KbO0BcjQjRPPgEIE05nW7C5Q0K5XJ5DAWHFzdACQakkRUuWXFrNS7ptZSIBY5BKryc0jq0JJinnmoAkMuEKCwUBIVa+5C4EokAM+ICTTaf6kWzWeraueZ4czFUdS5F7R6G/YNP6yTwmx2Y07lLt3m9EijxM8VTDgYsSS2R4yP8KGC1cof7W/Ia+8ZYdPR8Yg/QwfV+OP4CQELaIG1YvZldMJ1KUUsrkFNZ9cNbVtQIL2VLhw/P+PtOBlKgpESE+NvYDG7+3cImTk= hiroki11hanada@gmail.com\n          - ssh-rsa AAAAB3NzaC1yc2EAAAADAQABAAABgQDYjW/93hLwUGJam0gJ5men/mLvd55egqUCkIN9xyH8Z9qbZd4eOAtto8JbaDqP5YN+Ct7besY3VJiH9MtG9fg0iEGZkWjRPQ7fFVEte532oY9YEdnJtvtwVfkQIXjsc+/BMmD/INei7nq0kUpmF3OtQ7VDeTJ/fE0SRv8HVRPeGH0Cp3tM6q/XgOPRcXgcKZhZD58aoXeCasaF9CuGNoIkTtVzoDlCrg5ooGiYo1OADfMxB5NtdWSwhASp8JvjnVddei7aD9gZTtrBnES90gUtZ2ocy/NVunGkPUILdrCbQw35p5LX327VE97Z6DqdlFKqwNQ1svTRQ1P5c8wK+sG9ykXYBM5VEyT0MIAqinYIUhuOlwA5pxmyscI8VCOjCGxviYG+Jy6ZvN6WujfijNUew839qMivR2COF/m5vM8v07HaySVsHgjC1xvVpkQK7Zj4Ybabr4+EJPuZKXnyq6tww9UHK7PkYzHZJUNn+cbb7r1jkhgoxptYwpMutDcxu/c= hirokihanada@Hirokis-MacBook-Air.local\n        # ssh_import_id:\n    #   - gh:hanapedia\ngrowpart:\n  ignore_growroot_disabled: false\n  mode: auto\n  devices: \n    - \"/\"\npackages:\n  - qemu-guest-agent\n  - network-manager\n# runcmd:\n#   - dhclient -r\n#   - dhclient  \nfinal_message: \"The system is up and running\"\n\n\n"
          },
          "sensitive_attributes": [],
          "private": "bnVsbA=="
        }
      ]
    },
    {
      "module": "module.control_plane[0]",
      "mode": "managed",
      "type": "libvirt_domain",
      "name": "ubuntu_domain",
      "provider": "provider[\"registry.terraform.io/dmacvicar/libvirt\"]",
      "instances": [
        {
          "schema_version": 0,
          "attributes": {
            "arch": "x86_64",
            "autostart": true,
            "boot_device": [],
            "cloudinit": "/Users/hirokihanada/.kvm/k8s-v1/home-cluster-cp1_commoninit.iso;f98419be-35c9-492f-8529-9474d58e44f0",
            "cmdline": null,
            "console": [
              {
                "source_host": "127.0.0.1",
                "source_path": "",
                "source_service": "0",
                "target_port": "0",
                "target_type": "serial",
                "type": "pty"
              }
            ],
            "coreos_ignition": null,
            "cpu": [],
            "description": "",
            "disk": [
              {
                "block_device": "",
                "file": "",
                "scsi": false,
                "url": "",
                "volume_id": "/Users/hirokihanada/.kvm/k8s-v1/home-cluster-cp1",
                "wwn": ""
              }
            ],
            "emulator": "/usr/bin/qemu-system-x86_64",
            "filesystem": [],
            "firmware": "",
            "fw_cfg_name": "opt/com.coreos/config",
            "graphics": [],
            "id": "da137cf5-4233-4335-9a2a-88b4bd85d836",
            "initrd": "",
            "kernel": "",
            "machine": "ubuntu",
            "memory": 4096,
            "metadata": null,
            "name": "home-cluster-cp1",
            "network_interface": [
              {
                "addresses": [
                  "192.168.100.33"
                ],
                "bridge": "",
                "hostname": "home-cluster-cp1",
                "mac": "52:54:00:62:F5:A4",
                "macvtap": "",
                "network_id": "930acebe-914d-4cdc-8134-516de3164a81",
                "network_name": "k8s-v1",
                "passthrough": "",
                "vepa": "",
                "wait_for_lease": true
              }
            ],
            "nvram": [],
            "qemu_agent": false,
            "running": true,
            "timeouts": null,
            "tpm": [],
            "vcpu": 2,
            "video": [],
            "xml": []
          },
          "sensitive_attributes": [],
          "private": "eyJlMmJmYjczMC1lY2FhLTExZTYtOGY4OC0zNDM2M2JjN2M0YzAiOnsiY3JlYXRlIjozMDAwMDAwMDAwMDB9fQ==",
          "dependencies": [
            "libvirt_volume.ubuntu_base_img",
            "module.control_plane.libvirt_cloudinit_disk.commoninit",
            "module.control_plane.libvirt_volume.ubuntu_qcow2"
          ]
        }
      ]
    },
    {
      "module": "module.control_plane[0]",
      "mode": "managed",
      "type": "libvirt_volume",
      "name": "ubuntu_qcow2",
      "provider": "provider[\"registry.terraform.io/dmacvicar/libvirt\"]",
      "instances": [
        {
          "schema_version": 0,
          "attributes": {
            "base_volume_id": "/Users/hirokihanada/.kvm/k8s-v1/ubuntu_base_img",
            "base_volume_name": null,
            "base_volume_pool": null,
            "format": "qcow2",
            "id": "/Users/hirokihanada/.kvm/k8s-v1/home-cluster-cp1",
            "name": "home-cluster-cp1",
            "pool": "k8s-v1",
            "size": 17179869184,
            "source": null,
            "xml": []
          },
          "sensitive_attributes": [],
          "private": "bnVsbA==",
          "dependencies": [
            "libvirt_volume.ubuntu_base_img"
          ]
        }
      ]
    },
    {
      "module": "module.control_plane[1]",
      "mode": "managed",
      "type": "libvirt_cloudinit_disk",
      "name": "commoninit",
      "provider": "provider[\"registry.terraform.io/dmacvicar/libvirt\"]",
      "instances": [
        {
          "schema_version": 0,
          "attributes": {
            "id": "/Users/hirokihanada/.kvm/k8s-v1/home-cluster-cp2_commoninit.iso;2deebfe1-86ec-4312-b393-80495f2bc940",
            "meta_data": "",
            "name": "home-cluster-cp2_commoninit.iso",
            "network_config": "",
            "pool": "k8s-v1",
            "user_data": "#cloud-config\n# hostname: home-cluster-cp2.k8s.home\nfqdn: home-cluster-cp2.k8s.home\ntimezone: Asia/Tokyo  \nssh_pwauth: false\nchpasswd:\n  expire: false\n  list: root:password\nusers:\n  - name: ubuntu\n    sudo: ALL=(ALL) NOPASSWD:ALL\n    groups:\n      - users\n      - admin\n    shell: /bin/bash\n    lock_passwd: false\n    ssh_authorized_keys:\n          - ssh-rsa AAAAB3NzaC1yc2EAAAADAQABAAACAQCVDhT/P9zxI4ypW39uNYbkcl5kadudwPcJDdnCK1s5oURgNlmPpRtHP3l2Bfp2v4kd35PyQGXWA9xlK+oud5sILV04R1I0/lmr2p6HPO9lfhFuHxm+irXiJdkCdv9ymw7jrYSQPQy/Wv29pwSEVgha2OZnyUh7jsPw1XGVlv4ZjJxkYa/fRm2ERikz/2Qg7vCVRUoz8kAqVRgp+Ra5wR4WMY8XmF0b8vaucaV/vcCRV1w2/KQ9Vg5EHwkmZXRktSAiEMe/7a53ox4ADSY/hehR0bwEYBHcx93vUdOMztkQhW5AzJeqcbkc6jS0mBhU1HEmi1HFEVYP0sAGoIoQKrB/Un3hVt81B+xpZZVKFyoi7B56eZqEBfTf+bBlxWMpGcYjYO8AHzzT7tn7NM+0hvxATqdLGgt0/PryttW4W5FMKvJ+3t8VLO+RswwcDlgkPwIKkFLQV/ThXqBy7fZSL2hrlVN1xwLIgz8Z1mOaezHO+A+TQIkOjQG/jTx/f/aK4b9Pd0U2gyYMv7mKG+o84tSY0gU+geWtBhZKrg8r8iWGnhKJlYlZvISSUl1499svE1t1WSt4wOP+1B/LFJyk/1i9jXOfqYGiR5MHeBY6PXpjW/PkdSRudOIJ+4gkXdGIXTu41uIm5XLCIF5H9JHV6IgulurGia6Hp60omc6WG+gSUw== Hiroki macbook air\n          - ssh-rsa AAAAB3NzaC1yc2EAAAADAQABAAABgQDMrBQUa4iADNPo3q/AQjpQyt1GFsdYKEW9Hd8kC478o3G4UbpuempbF/TlLixp/5tusMQjV9n/8kMJF1kj4lrsFHShftd7+ZXvUKkny8vEOF7aj79j3V9nYFPJ4NFIuJdzPsdfBG51DaT3wbossCEZshfNMc9iBISSLbSwDi6rwxCZX75GvQlMOR5TZSOXe7exj/28QSkyI9hcCbnbK0JG6Kabcxh1ZFAX/BwxDv/ywShWNbM2Y66KbO0BcjQjRPPgEIE05nW7C5Q0K5XJ5DAWHFzdACQakkRUuWXFrNS7ptZSIBY5BKryc0jq0JJinnmoAkMuEKCwUBIVa+5C4EokAM+ICTTaf6kWzWeraueZ4czFUdS5F7R6G/YNP6yTwmx2Y07lLt3m9EijxM8VTDgYsSS2R4yP8KGC1cof7W/Ia+8ZYdPR8Yg/QwfV+OP4CQELaIG1YvZldMJ1KUUsrkFNZ9cNbVtQIL2VLhw/P+PtOBlKgpESE+NvYDG7+3cImTk= hiroki11hanada@gmail.com\n          - ssh-rsa AAAAB3NzaC1yc2EAAAADAQABAAABgQDYjW/93hLwUGJam0gJ5men/mLvd55egqUCkIN9xyH8Z9qbZd4eOAtto8JbaDqP5YN+Ct7besY3VJiH9MtG9fg0iEGZkWjRPQ7fFVEte532oY9YEdnJtvtwVfkQIXjsc+/BMmD/INei7nq0kUpmF3OtQ7VDeTJ/fE0SRv8HVRPeGH0Cp3tM6q/XgOPRcXgcKZhZD58aoXeCasaF9CuGNoIkTtVzoDlCrg5ooGiYo1OADfMxB5NtdWSwhASp8JvjnVddei7aD9gZTtrBnES90gUtZ2ocy/NVunGkPUILdrCbQw35p5LX327VE97Z6DqdlFKqwNQ1svTRQ1P5c8wK+sG9ykXYBM5VEyT0MIAqinYIUhuOlwA5pxmyscI8VCOjCGxviYG+Jy6ZvN6WujfijNUew839qMivR2COF/m5vM8v07HaySVsHgjC1xvVpkQK7Zj4Ybabr4+EJPuZKXnyq6tww9UHK7PkYzHZJUNn+cbb7r1jkhgoxptYwpMutDcxu/c= hirokihanada@Hirokis-MacBook-Air.local\n        # ssh_import_id:\n    #   - gh:hanapedia\ngrowpart:\n  ignore_growroot_disabled: false\n  mode: auto\n  devices: \n    - \"/\"\npackages:\n  - qemu-guest-agent\n  - network-manager\n# runcmd:\n#   - dhclient -r\n#   - dhclient  \nfinal_message: \"The system is up and running\"\n\n\n"
          },
          "sensitive_attributes": [],
          "private": "bnVsbA=="
        }
      ]
    },
    {
      "module": "module.control_plane[1]",
      "mode": "managed",
      "type": "libvirt_domain",
      "name": "ubuntu_domain",
      "provider": "provider[\"registry.terraform.io/dmacvicar/libvirt\"]",
      "instances": [
        {
          "schema_version": 0,
          "attributes": {
            "arch": "x86_64",
            "autostart": true,
            "boot_device": [],
            "cloudinit": "/Users/hirokihanada/.kvm/k8s-v1/home-cluster-cp2_commoninit.iso;2deebfe1-86ec-4312-b393-80495f2bc940",
            "cmdline": null,
            "console": [
              {
                "source_host": "127.0.0.1",
                "source_path": "",
                "source_service": "0",
                "target_port": "0",
                "target_type": "serial",
                "type": "pty"
              }
            ],
            "coreos_ignition": null,
            "cpu": [],
            "description": "",
            "disk": [
              {
                "block_device": "",
                "file": "",
                "scsi": false,
                "url": "",
                "volume_id": "/Users/hirokihanada/.kvm/k8s-v1/home-cluster-cp2",
                "wwn": ""
              }
            ],
            "emulator": "/usr/bin/qemu-system-x86_64",
            "filesystem": [],
            "firmware": "",
            "fw_cfg_name": "opt/com.coreos/config",
            "graphics": [],
            "id": "be98f266-a4b1-42c2-8427-eaadc395cad9",
            "initrd": "",
            "kernel": "",
            "machine": "ubuntu",
            "memory": 4096,
            "metadata": null,
            "name": "home-cluster-cp2",
            "network_interface": [
              {
                "addresses": [
                  "192.168.100.180"
                ],
                "bridge": "",
                "hostname": "home-cluster-cp2",
                "mac": "52:54:00:A2:AA:B0",
                "macvtap": "",
                "network_id": "930acebe-914d-4cdc-8134-516de3164a81",
                "network_name": "k8s-v1",
                "passthrough": "",
                "vepa": "",
                "wait_for_lease": true
              }
            ],
            "nvram": [],
            "qemu_agent": false,
            "running": true,
            "timeouts": null,
            "tpm": [],
            "vcpu": 2,
            "video": [],
            "xml": []
          },
          "sensitive_attributes": [],
          "private": "eyJlMmJmYjczMC1lY2FhLTExZTYtOGY4OC0zNDM2M2JjN2M0YzAiOnsiY3JlYXRlIjozMDAwMDAwMDAwMDB9fQ==",
          "dependencies": [
            "libvirt_volume.ubuntu_base_img",
            "module.control_plane.libvirt_cloudinit_disk.commoninit",
            "module.control_plane.libvirt_volume.ubuntu_qcow2"
          ]
        }
      ]
    },
    {
      "module": "module.control_plane[1]",
      "mode": "managed",
      "type": "libvirt_volume",
      "name": "ubuntu_qcow2",
      "provider": "provider[\"registry.terraform.io/dmacvicar/libvirt\"]",
      "instances": [
        {
          "schema_version": 0,
          "attributes": {
            "base_volume_id": "/Users/hirokihanada/.kvm/k8s-v1/ubuntu_base_img",
            "base_volume_name": null,
            "base_volume_pool": null,
            "format": "qcow2",
            "id": "/Users/hirokihanada/.kvm/k8s-v1/home-cluster-cp2",
            "name": "home-cluster-cp2",
            "pool": "k8s-v1",
            "size": 17179869184,
            "source": null,
            "xml": []
          },
          "sensitive_attributes": [],
          "private": "bnVsbA==",
          "dependencies": [
            "libvirt_volume.ubuntu_base_img"
          ]
        }
      ]
    },
    {
      "module": "module.loadbalancer",
      "mode": "managed",
      "type": "libvirt_cloudinit_disk",
      "name": "commoninit",
      "provider": "provider[\"registry.terraform.io/dmacvicar/libvirt\"]",
      "instances": [
        {
          "schema_version": 0,
          "attributes": {
            "id": "/Users/hirokihanada/.kvm/k8s-v1/home-cluster-loadbalancer_commoninit.iso;85532342-e8ee-4891-993e-a87b6f399cef",
            "meta_data": "",
            "name": "home-cluster-loadbalancer_commoninit.iso",
            "network_config": "",
            "pool": "k8s-v1",
            "user_data": "#cloud-config\n# hostname: home-cluster-loadbalancer.k8s.home\nfqdn: home-cluster-loadbalancer.k8s.home\ntimezone: Asia/Tokyo  \nssh_pwauth: false\nchpasswd:\n  expire: false\n  list: root:password\nusers:\n  - name: ubuntu\n    sudo: ALL=(ALL) NOPASSWD:ALL\n    groups:\n      - users\n      - admin\n    shell: /bin/bash\n    lock_passwd: false\n    ssh_authorized_keys:\n          - ssh-rsa AAAAB3NzaC1yc2EAAAADAQABAAACAQCVDhT/P9zxI4ypW39uNYbkcl5kadudwPcJDdnCK1s5oURgNlmPpRtHP3l2Bfp2v4kd35PyQGXWA9xlK+oud5sILV04R1I0/lmr2p6HPO9lfhFuHxm+irXiJdkCdv9ymw7jrYSQPQy/Wv29pwSEVgha2OZnyUh7jsPw1XGVlv4ZjJxkYa/fRm2ERikz/2Qg7vCVRUoz8kAqVRgp+Ra5wR4WMY8XmF0b8vaucaV/vcCRV1w2/KQ9Vg5EHwkmZXRktSAiEMe/7a53ox4ADSY/hehR0bwEYBHcx93vUdOMztkQhW5AzJeqcbkc6jS0mBhU1HEmi1HFEVYP0sAGoIoQKrB/Un3hVt81B+xpZZVKFyoi7B56eZqEBfTf+bBlxWMpGcYjYO8AHzzT7tn7NM+0hvxATqdLGgt0/PryttW4W5FMKvJ+3t8VLO+RswwcDlgkPwIKkFLQV/ThXqBy7fZSL2hrlVN1xwLIgz8Z1mOaezHO+A+TQIkOjQG/jTx/f/aK4b9Pd0U2gyYMv7mKG+o84tSY0gU+geWtBhZKrg8r8iWGnhKJlYlZvISSUl1499svE1t1WSt4wOP+1B/LFJyk/1i9jXOfqYGiR5MHeBY6PXpjW/PkdSRudOIJ+4gkXdGIXTu41uIm5XLCIF5H9JHV6IgulurGia6Hp60omc6WG+gSUw== Hiroki macbook air\n          - ssh-rsa AAAAB3NzaC1yc2EAAAADAQABAAABgQDMrBQUa4iADNPo3q/AQjpQyt1GFsdYKEW9Hd8kC478o3G4UbpuempbF/TlLixp/5tusMQjV9n/8kMJF1kj4lrsFHShftd7+ZXvUKkny8vEOF7aj79j3V9nYFPJ4NFIuJdzPsdfBG51DaT3wbossCEZshfNMc9iBISSLbSwDi6rwxCZX75GvQlMOR5TZSOXe7exj/28QSkyI9hcCbnbK0JG6Kabcxh1ZFAX/BwxDv/ywShWNbM2Y66KbO0BcjQjRPPgEIE05nW7C5Q0K5XJ5DAWHFzdACQakkRUuWXFrNS7ptZSIBY5BKryc0jq0JJinnmoAkMuEKCwUBIVa+5C4EokAM+ICTTaf6kWzWeraueZ4czFUdS5F7R6G/YNP6yTwmx2Y07lLt3m9EijxM8VTDgYsSS2R4yP8KGC1cof7W/Ia+8ZYdPR8Yg/QwfV+OP4CQELaIG1YvZldMJ1KUUsrkFNZ9cNbVtQIL2VLhw/P+PtOBlKgpESE+NvYDG7+3cImTk= hiroki11hanada@gmail.com\n          - ssh-rsa AAAAB3NzaC1yc2EAAAADAQABAAABgQDYjW/93hLwUGJam0gJ5men/mLvd55egqUCkIN9xyH8Z9qbZd4eOAtto8JbaDqP5YN+Ct7besY3VJiH9MtG9fg0iEGZkWjRPQ7fFVEte532oY9YEdnJtvtwVfkQIXjsc+/BMmD/INei7nq0kUpmF3OtQ7VDeTJ/fE0SRv8HVRPeGH0Cp3tM6q/XgOPRcXgcKZhZD58aoXeCasaF9CuGNoIkTtVzoDlCrg5ooGiYo1OADfMxB5NtdWSwhASp8JvjnVddei7aD9gZTtrBnES90gUtZ2ocy/NVunGkPUILdrCbQw35p5LX327VE97Z6DqdlFKqwNQ1svTRQ1P5c8wK+sG9ykXYBM5VEyT0MIAqinYIUhuOlwA5pxmyscI8VCOjCGxviYG+Jy6ZvN6WujfijNUew839qMivR2COF/m5vM8v07HaySVsHgjC1xvVpkQK7Zj4Ybabr4+EJPuZKXnyq6tww9UHK7PkYzHZJUNn+cbb7r1jkhgoxptYwpMutDcxu/c= hirokihanada@Hirokis-MacBook-Air.local\n        # ssh_import_id:\n    #   - gh:hanapedia\ngrowpart:\n  ignore_growroot_disabled: false\n  mode: auto\n  devices: \n    - \"/\"\npackages:\n  - qemu-guest-agent\n  - network-manager\n# runcmd:\n#   - dhclient -r\n#   - dhclient  \nfinal_message: \"The system is up and running\"\n\n\n"
          },
          "sensitive_attributes": [],
          "private": "bnVsbA=="
        }
      ]
    },
    {
      "module": "module.loadbalancer",
      "mode": "managed",
      "type": "libvirt_domain",
      "name": "ubuntu_domain",
      "provider": "provider[\"registry.terraform.io/dmacvicar/libvirt\"]",
      "instances": [
        {
          "schema_version": 0,
          "attributes": {
            "arch": "x86_64",
            "autostart": true,
            "boot_device": [],
            "cloudinit": "/Users/hirokihanada/.kvm/k8s-v1/home-cluster-loadbalancer_commoninit.iso;85532342-e8ee-4891-993e-a87b6f399cef",
            "cmdline": null,
            "console": [
              {
                "source_host": "127.0.0.1",
                "source_path": "",
                "source_service": "0",
                "target_port": "0",
                "target_type": "serial",
                "type": "pty"
              }
            ],
            "coreos_ignition": null,
            "cpu": [],
            "description": "",
            "disk": [
              {
                "block_device": "",
                "file": "",
                "scsi": false,
                "url": "",
                "volume_id": "/Users/hirokihanada/.kvm/k8s-v1/home-cluster-loadbalancer",
                "wwn": ""
              }
            ],
            "emulator": "/usr/bin/qemu-system-x86_64",
            "filesystem": [],
            "firmware": "",
            "fw_cfg_name": "opt/com.coreos/config",
            "graphics": [],
            "id": "c01859e8-514f-449c-9c00-c30d19238c85",
            "initrd": "",
            "kernel": "",
            "machine": "ubuntu",
            "memory": 4096,
            "metadata": null,
            "name": "home-cluster-loadbalancer",
            "network_interface": [
              {
                "addresses": [
                  "192.168.100.114"
                ],
                "bridge": "",
                "hostname": "home-cluster-loadbalancer",
                "mac": "52:54:00:6A:DE:27",
                "macvtap": "",
                "network_id": "930acebe-914d-4cdc-8134-516de3164a81",
                "network_name": "k8s-v1",
                "passthrough": "",
                "vepa": "",
                "wait_for_lease": true
              }
            ],
            "nvram": [],
            "qemu_agent": false,
            "running": true,
            "timeouts": null,
            "tpm": [],
            "vcpu": 1,
            "video": [],
            "xml": []
          },
          "sensitive_attributes": [],
          "private": "eyJlMmJmYjczMC1lY2FhLTExZTYtOGY4OC0zNDM2M2JjN2M0YzAiOnsiY3JlYXRlIjozMDAwMDAwMDAwMDB9fQ==",
          "dependencies": [
            "libvirt_volume.ubuntu_base_img",
            "module.loadbalancer.libvirt_cloudinit_disk.commoninit",
            "module.loadbalancer.libvirt_volume.ubuntu_qcow2"
          ]
        }
      ]
    },
    {
      "module": "module.loadbalancer",
      "mode": "managed",
      "type": "libvirt_volume",
      "name": "ubuntu_qcow2",
      "provider": "provider[\"registry.terraform.io/dmacvicar/libvirt\"]",
      "instances": [
        {
          "schema_version": 0,
          "attributes": {
            "base_volume_id": "/Users/hirokihanada/.kvm/k8s-v1/ubuntu_base_img",
            "base_volume_name": null,
            "base_volume_pool": null,
            "format": "qcow2",
            "id": "/Users/hirokihanada/.kvm/k8s-v1/home-cluster-loadbalancer",
            "name": "home-cluster-loadbalancer",
            "pool": "k8s-v1",
            "size": 8589934592,
            "source": null,
            "xml": []
          },
          "sensitive_attributes": [],
          "private": "bnVsbA==",
          "dependencies": [
            "libvirt_volume.ubuntu_base_img"
          ]
        }
      ]
    },
    {
      "module": "module.node[0]",
      "mode": "managed",
      "type": "libvirt_cloudinit_disk",
      "name": "commoninit",
      "provider": "provider[\"registry.terraform.io/dmacvicar/libvirt\"]",
      "instances": [
        {
          "schema_version": 0,
          "attributes": {
            "id": "/Users/hirokihanada/.kvm/k8s-v1/home-cluster-node1_commoninit.iso;083bd500-7830-4160-aaeb-2e7ed3dcece4",
            "meta_data": "",
            "name": "home-cluster-node1_commoninit.iso",
            "network_config": "",
            "pool": "k8s-v1",
            "user_data": "#cloud-config\n# hostname: home-cluster-node1.k8s.home\nfqdn: home-cluster-node1.k8s.home\ntimezone: Asia/Tokyo  \nssh_pwauth: false\nchpasswd:\n  expire: false\n  list: root:password\nusers:\n  - name: ubuntu\n    sudo: ALL=(ALL) NOPASSWD:ALL\n    groups:\n      - users\n      - admin\n    shell: /bin/bash\n    lock_passwd: false\n    ssh_authorized_keys:\n          - ssh-rsa AAAAB3NzaC1yc2EAAAADAQABAAACAQCVDhT/P9zxI4ypW39uNYbkcl5kadudwPcJDdnCK1s5oURgNlmPpRtHP3l2Bfp2v4kd35PyQGXWA9xlK+oud5sILV04R1I0/lmr2p6HPO9lfhFuHxm+irXiJdkCdv9ymw7jrYSQPQy/Wv29pwSEVgha2OZnyUh7jsPw1XGVlv4ZjJxkYa/fRm2ERikz/2Qg7vCVRUoz8kAqVRgp+Ra5wR4WMY8XmF0b8vaucaV/vcCRV1w2/KQ9Vg5EHwkmZXRktSAiEMe/7a53ox4ADSY/hehR0bwEYBHcx93vUdOMztkQhW5AzJeqcbkc6jS0mBhU1HEmi1HFEVYP0sAGoIoQKrB/Un3hVt81B+xpZZVKFyoi7B56eZqEBfTf+bBlxWMpGcYjYO8AHzzT7tn7NM+0hvxATqdLGgt0/PryttW4W5FMKvJ+3t8VLO+RswwcDlgkPwIKkFLQV/ThXqBy7fZSL2hrlVN1xwLIgz8Z1mOaezHO+A+TQIkOjQG/jTx/f/aK4b9Pd0U2gyYMv7mKG+o84tSY0gU+geWtBhZKrg8r8iWGnhKJlYlZvISSUl1499svE1t1WSt4wOP+1B/LFJyk/1i9jXOfqYGiR5MHeBY6PXpjW/PkdSRudOIJ+4gkXdGIXTu41uIm5XLCIF5H9JHV6IgulurGia6Hp60omc6WG+gSUw== Hiroki macbook air\n          - ssh-rsa AAAAB3NzaC1yc2EAAAADAQABAAABgQDMrBQUa4iADNPo3q/AQjpQyt1GFsdYKEW9Hd8kC478o3G4UbpuempbF/TlLixp/5tusMQjV9n/8kMJF1kj4lrsFHShftd7+ZXvUKkny8vEOF7aj79j3V9nYFPJ4NFIuJdzPsdfBG51DaT3wbossCEZshfNMc9iBISSLbSwDi6rwxCZX75GvQlMOR5TZSOXe7exj/28QSkyI9hcCbnbK0JG6Kabcxh1ZFAX/BwxDv/ywShWNbM2Y66KbO0BcjQjRPPgEIE05nW7C5Q0K5XJ5DAWHFzdACQakkRUuWXFrNS7ptZSIBY5BKryc0jq0JJinnmoAkMuEKCwUBIVa+5C4EokAM+ICTTaf6kWzWeraueZ4czFUdS5F7R6G/YNP6yTwmx2Y07lLt3m9EijxM8VTDgYsSS2R4yP8KGC1cof7W/Ia+8ZYdPR8Yg/QwfV+OP4CQELaIG1YvZldMJ1KUUsrkFNZ9cNbVtQIL2VLhw/P+PtOBlKgpESE+NvYDG7+3cImTk= hiroki11hanada@gmail.com\n          - ssh-rsa AAAAB3NzaC1yc2EAAAADAQABAAABgQDYjW/93hLwUGJam0gJ5men/mLvd55egqUCkIN9xyH8Z9qbZd4eOAtto8JbaDqP5YN+Ct7besY3VJiH9MtG9fg0iEGZkWjRPQ7fFVEte532oY9YEdnJtvtwVfkQIXjsc+/BMmD/INei7nq0kUpmF3OtQ7VDeTJ/fE0SRv8HVRPeGH0Cp3tM6q/XgOPRcXgcKZhZD58aoXeCasaF9CuGNoIkTtVzoDlCrg5ooGiYo1OADfMxB5NtdWSwhASp8JvjnVddei7aD9gZTtrBnES90gUtZ2ocy/NVunGkPUILdrCbQw35p5LX327VE97Z6DqdlFKqwNQ1svTRQ1P5c8wK+sG9ykXYBM5VEyT0MIAqinYIUhuOlwA5pxmyscI8VCOjCGxviYG+Jy6ZvN6WujfijNUew839qMivR2COF/m5vM8v07HaySVsHgjC1xvVpkQK7Zj4Ybabr4+EJPuZKXnyq6tww9UHK7PkYzHZJUNn+cbb7r1jkhgoxptYwpMutDcxu/c= hirokihanada@Hirokis-MacBook-Air.local\n        # ssh_import_id:\n    #   - gh:hanapedia\ngrowpart:\n  ignore_growroot_disabled: false\n  mode: auto\n  devices: \n    - \"/\"\npackages:\n  - qemu-guest-agent\n  - network-manager\n# runcmd:\n#   - dhclient -r\n#   - dhclient  \nfinal_message: \"The system is up and running\"\n\n\n"
          },
          "sensitive_attributes": [],
          "private": "bnVsbA=="
        }
      ]
    },
    {
      "module": "module.node[0]",
      "mode": "managed",
      "type": "libvirt_domain",
      "name": "ubuntu_domain",
      "provider": "provider[\"registry.terraform.io/dmacvicar/libvirt\"]",
      "instances": [
        {
          "schema_version": 0,
          "attributes": {
            "arch": "x86_64",
            "autostart": true,
            "boot_device": [],
            "cloudinit": "/Users/hirokihanada/.kvm/k8s-v1/home-cluster-node1_commoninit.iso;083bd500-7830-4160-aaeb-2e7ed3dcece4",
            "cmdline": null,
            "console": [
              {
                "source_host": "127.0.0.1",
                "source_path": "",
                "source_service": "0",
                "target_port": "0",
                "target_type": "serial",
                "type": "pty"
              }
            ],
            "coreos_ignition": null,
            "cpu": [],
            "description": "",
            "disk": [
              {
                "block_device": "",
                "file": "",
                "scsi": false,
                "url": "",
                "volume_id": "/Users/hirokihanada/.kvm/k8s-v1/home-cluster-node1",
                "wwn": ""
              }
            ],
            "emulator": "/usr/bin/qemu-system-x86_64",
            "filesystem": [],
            "firmware": "",
            "fw_cfg_name": "opt/com.coreos/config",
            "graphics": [],
            "id": "e90e939d-9619-4505-aab9-2f0195ec4644",
            "initrd": "",
            "kernel": "",
            "machine": "ubuntu",
            "memory": 8192,
            "metadata": null,
            "name": "home-cluster-node1",
            "network_interface": [
              {
                "addresses": [
                  "192.168.100.226"
                ],
                "bridge": "",
                "hostname": "home-cluster-node1",
                "mac": "52:54:00:8E:38:B6",
                "macvtap": "",
                "network_id": "930acebe-914d-4cdc-8134-516de3164a81",
                "network_name": "k8s-v1",
                "passthrough": "",
                "vepa": "",
                "wait_for_lease": true
              }
            ],
            "nvram": [],
            "qemu_agent": false,
            "running": true,
            "timeouts": null,
            "tpm": [],
            "vcpu": 2,
            "video": [],
            "xml": []
          },
          "sensitive_attributes": [],
          "private": "eyJlMmJmYjczMC1lY2FhLTExZTYtOGY4OC0zNDM2M2JjN2M0YzAiOnsiY3JlYXRlIjozMDAwMDAwMDAwMDB9fQ==",
          "dependencies": [
            "libvirt_volume.ubuntu_base_img",
            "module.node.libvirt_cloudinit_disk.commoninit",
            "module.node.libvirt_volume.ubuntu_qcow2"
          ]
        }
      ]
    },
    {
      "module": "module.node[0]",
      "mode": "managed",
      "type": "libvirt_volume",
      "name": "ubuntu_qcow2",
      "provider": "provider[\"registry.terraform.io/dmacvicar/libvirt\"]",
      "instances": [
        {
          "schema_version": 0,
          "attributes": {
            "base_volume_id": "/Users/hirokihanada/.kvm/k8s-v1/ubuntu_base_img",
            "base_volume_name": null,
            "base_volume_pool": null,
            "format": "qcow2",
            "id": "/Users/hirokihanada/.kvm/k8s-v1/home-cluster-node1",
            "name": "home-cluster-node1",
            "pool": "k8s-v1",
            "size": 25769803776,
            "source": null,
            "xml": []
          },
          "sensitive_attributes": [],
          "private": "bnVsbA==",
          "dependencies": [
            "libvirt_volume.ubuntu_base_img"
          ]
        }
      ]
    },
    {
      "module": "module.node[1]",
      "mode": "managed",
      "type": "libvirt_cloudinit_disk",
      "name": "commoninit",
      "provider": "provider[\"registry.terraform.io/dmacvicar/libvirt\"]",
      "instances": [
        {
          "schema_version": 0,
          "attributes": {
            "id": "/Users/hirokihanada/.kvm/k8s-v1/home-cluster-node2_commoninit.iso;136b255b-3c8d-42f1-8099-64a39bc279d2",
            "meta_data": "",
            "name": "home-cluster-node2_commoninit.iso",
            "network_config": "",
            "pool": "k8s-v1",
            "user_data": "#cloud-config\n# hostname: home-cluster-node2.k8s.home\nfqdn: home-cluster-node2.k8s.home\ntimezone: Asia/Tokyo  \nssh_pwauth: false\nchpasswd:\n  expire: false\n  list: root:password\nusers:\n  - name: ubuntu\n    sudo: ALL=(ALL) NOPASSWD:ALL\n    groups:\n      - users\n      - admin\n    shell: /bin/bash\n    lock_passwd: false\n    ssh_authorized_keys:\n          - ssh-rsa AAAAB3NzaC1yc2EAAAADAQABAAACAQCVDhT/P9zxI4ypW39uNYbkcl5kadudwPcJDdnCK1s5oURgNlmPpRtHP3l2Bfp2v4kd35PyQGXWA9xlK+oud5sILV04R1I0/lmr2p6HPO9lfhFuHxm+irXiJdkCdv9ymw7jrYSQPQy/Wv29pwSEVgha2OZnyUh7jsPw1XGVlv4ZjJxkYa/fRm2ERikz/2Qg7vCVRUoz8kAqVRgp+Ra5wR4WMY8XmF0b8vaucaV/vcCRV1w2/KQ9Vg5EHwkmZXRktSAiEMe/7a53ox4ADSY/hehR0bwEYBHcx93vUdOMztkQhW5AzJeqcbkc6jS0mBhU1HEmi1HFEVYP0sAGoIoQKrB/Un3hVt81B+xpZZVKFyoi7B56eZqEBfTf+bBlxWMpGcYjYO8AHzzT7tn7NM+0hvxATqdLGgt0/PryttW4W5FMKvJ+3t8VLO+RswwcDlgkPwIKkFLQV/ThXqBy7fZSL2hrlVN1xwLIgz8Z1mOaezHO+A+TQIkOjQG/jTx/f/aK4b9Pd0U2gyYMv7mKG+o84tSY0gU+geWtBhZKrg8r8iWGnhKJlYlZvISSUl1499svE1t1WSt4wOP+1B/LFJyk/1i9jXOfqYGiR5MHeBY6PXpjW/PkdSRudOIJ+4gkXdGIXTu41uIm5XLCIF5H9JHV6IgulurGia6Hp60omc6WG+gSUw== Hiroki macbook air\n          - ssh-rsa AAAAB3NzaC1yc2EAAAADAQABAAABgQDMrBQUa4iADNPo3q/AQjpQyt1GFsdYKEW9Hd8kC478o3G4UbpuempbF/TlLixp/5tusMQjV9n/8kMJF1kj4lrsFHShftd7+ZXvUKkny8vEOF7aj79j3V9nYFPJ4NFIuJdzPsdfBG51DaT3wbossCEZshfNMc9iBISSLbSwDi6rwxCZX75GvQlMOR5TZSOXe7exj/28QSkyI9hcCbnbK0JG6Kabcxh1ZFAX/BwxDv/ywShWNbM2Y66KbO0BcjQjRPPgEIE05nW7C5Q0K5XJ5DAWHFzdACQakkRUuWXFrNS7ptZSIBY5BKryc0jq0JJinnmoAkMuEKCwUBIVa+5C4EokAM+ICTTaf6kWzWeraueZ4czFUdS5F7R6G/YNP6yTwmx2Y07lLt3m9EijxM8VTDgYsSS2R4yP8KGC1cof7W/Ia+8ZYdPR8Yg/QwfV+OP4CQELaIG1YvZldMJ1KUUsrkFNZ9cNbVtQIL2VLhw/P+PtOBlKgpESE+NvYDG7+3cImTk= hiroki11hanada@gmail.com\n          - ssh-rsa AAAAB3NzaC1yc2EAAAADAQABAAABgQDYjW/93hLwUGJam0gJ5men/mLvd55egqUCkIN9xyH8Z9qbZd4eOAtto8JbaDqP5YN+Ct7besY3VJiH9MtG9fg0iEGZkWjRPQ7fFVEte532oY9YEdnJtvtwVfkQIXjsc+/BMmD/INei7nq0kUpmF3OtQ7VDeTJ/fE0SRv8HVRPeGH0Cp3tM6q/XgOPRcXgcKZhZD58aoXeCasaF9CuGNoIkTtVzoDlCrg5ooGiYo1OADfMxB5NtdWSwhASp8JvjnVddei7aD9gZTtrBnES90gUtZ2ocy/NVunGkPUILdrCbQw35p5LX327VE97Z6DqdlFKqwNQ1svTRQ1P5c8wK+sG9ykXYBM5VEyT0MIAqinYIUhuOlwA5pxmyscI8VCOjCGxviYG+Jy6ZvN6WujfijNUew839qMivR2COF/m5vM8v07HaySVsHgjC1xvVpkQK7Zj4Ybabr4+EJPuZKXnyq6tww9UHK7PkYzHZJUNn+cbb7r1jkhgoxptYwpMutDcxu/c= hirokihanada@Hirokis-MacBook-Air.local\n        # ssh_import_id:\n    #   - gh:hanapedia\ngrowpart:\n  ignore_growroot_disabled: false\n  mode: auto\n  devices: \n    - \"/\"\npackages:\n  - qemu-guest-agent\n  - network-manager\n# runcmd:\n#   - dhclient -r\n#   - dhclient  \nfinal_message: \"The system is up and running\"\n\n\n"
          },
          "sensitive_attributes": [],
          "private": "bnVsbA=="
        }
      ]
    },
    {
      "module": "module.node[1]",
      "mode": "managed",
      "type": "libvirt_domain",
      "name": "ubuntu_domain",
      "provider": "provider[\"registry.terraform.io/dmacvicar/libvirt\"]",
      "instances": [
        {
          "schema_version": 0,
          "attributes": {
            "arch": "x86_64",
            "autostart": true,
            "boot_device": [],
            "cloudinit": "/Users/hirokihanada/.kvm/k8s-v1/home-cluster-node2_commoninit.iso;136b255b-3c8d-42f1-8099-64a39bc279d2",
            "cmdline": null,
            "console": [
              {
                "source_host": "127.0.0.1",
                "source_path": "",
                "source_service": "0",
                "target_port": "0",
                "target_type": "serial",
                "type": "pty"
              }
            ],
            "coreos_ignition": null,
            "cpu": [],
            "description": "",
            "disk": [
              {
                "block_device": "",
                "file": "",
                "scsi": false,
                "url": "",
                "volume_id": "/Users/hirokihanada/.kvm/k8s-v1/home-cluster-node2",
                "wwn": ""
              }
            ],
            "emulator": "/usr/bin/qemu-system-x86_64",
            "filesystem": [],
            "firmware": "",
            "fw_cfg_name": "opt/com.coreos/config",
            "graphics": [],
            "id": "41ba4be6-698c-43b5-8c35-5787c11d31ef",
            "initrd": "",
            "kernel": "",
            "machine": "ubuntu",
            "memory": 8192,
            "metadata": null,
            "name": "home-cluster-node2",
            "network_interface": [
              {
                "addresses": [
                  "192.168.100.207"
                ],
                "bridge": "",
                "hostname": "home-cluster-node2",
                "mac": "52:54:00:12:65:E7",
                "macvtap": "",
                "network_id": "930acebe-914d-4cdc-8134-516de3164a81",
                "network_name": "k8s-v1",
                "passthrough": "",
                "vepa": "",
                "wait_for_lease": true
              }
            ],
            "nvram": [],
            "qemu_agent": false,
            "running": true,
            "timeouts": null,
            "tpm": [],
            "vcpu": 2,
            "video": [],
            "xml": []
          },
          "sensitive_attributes": [],
          "private": "eyJlMmJmYjczMC1lY2FhLTExZTYtOGY4OC0zNDM2M2JjN2M0YzAiOnsiY3JlYXRlIjozMDAwMDAwMDAwMDB9fQ==",
          "dependencies": [
            "libvirt_volume.ubuntu_base_img",
            "module.node.libvirt_cloudinit_disk.commoninit",
            "module.node.libvirt_volume.ubuntu_qcow2"
          ]
        }
      ]
    },
    {
      "module": "module.node[1]",
      "mode": "managed",
      "type": "libvirt_volume",
      "name": "ubuntu_qcow2",
      "provider": "provider[\"registry.terraform.io/dmacvicar/libvirt\"]",
      "instances": [
        {
          "schema_version": 0,
          "attributes": {
            "base_volume_id": "/Users/hirokihanada/.kvm/k8s-v1/ubuntu_base_img",
            "base_volume_name": null,
            "base_volume_pool": null,
            "format": "qcow2",
            "id": "/Users/hirokihanada/.kvm/k8s-v1/home-cluster-node2",
            "name": "home-cluster-node2",
            "pool": "k8s-v1",
            "size": 25769803776,
            "source": null,
            "xml": []
          },
          "sensitive_attributes": [],
          "private": "bnVsbA==",
          "dependencies": [
            "libvirt_volume.ubuntu_base_img"
          ]
        }
      ]
    },
    {
      "module": "module.node[2]",
      "mode": "managed",
      "type": "libvirt_cloudinit_disk",
      "name": "commoninit",
      "provider": "provider[\"registry.terraform.io/dmacvicar/libvirt\"]",
      "instances": [
        {
          "schema_version": 0,
          "attributes": {
            "id": "/Users/hirokihanada/.kvm/k8s-v1/home-cluster-node3_commoninit.iso;c21cb663-7493-4036-a8cd-e834cc7f1147",
            "meta_data": "",
            "name": "home-cluster-node3_commoninit.iso",
            "network_config": "",
            "pool": "k8s-v1",
            "user_data": "#cloud-config\n# hostname: home-cluster-node3.k8s.home\nfqdn: home-cluster-node3.k8s.home\ntimezone: Asia/Tokyo  \nssh_pwauth: false\nchpasswd:\n  expire: false\n  list: root:password\nusers:\n  - name: ubuntu\n    sudo: ALL=(ALL) NOPASSWD:ALL\n    groups:\n      - users\n      - admin\n    shell: /bin/bash\n    lock_passwd: false\n    ssh_authorized_keys:\n          - ssh-rsa AAAAB3NzaC1yc2EAAAADAQABAAACAQCVDhT/P9zxI4ypW39uNYbkcl5kadudwPcJDdnCK1s5oURgNlmPpRtHP3l2Bfp2v4kd35PyQGXWA9xlK+oud5sILV04R1I0/lmr2p6HPO9lfhFuHxm+irXiJdkCdv9ymw7jrYSQPQy/Wv29pwSEVgha2OZnyUh7jsPw1XGVlv4ZjJxkYa/fRm2ERikz/2Qg7vCVRUoz8kAqVRgp+Ra5wR4WMY8XmF0b8vaucaV/vcCRV1w2/KQ9Vg5EHwkmZXRktSAiEMe/7a53ox4ADSY/hehR0bwEYBHcx93vUdOMztkQhW5AzJeqcbkc6jS0mBhU1HEmi1HFEVYP0sAGoIoQKrB/Un3hVt81B+xpZZVKFyoi7B56eZqEBfTf+bBlxWMpGcYjYO8AHzzT7tn7NM+0hvxATqdLGgt0/PryttW4W5FMKvJ+3t8VLO+RswwcDlgkPwIKkFLQV/ThXqBy7fZSL2hrlVN1xwLIgz8Z1mOaezHO+A+TQIkOjQG/jTx/f/aK4b9Pd0U2gyYMv7mKG+o84tSY0gU+geWtBhZKrg8r8iWGnhKJlYlZvISSUl1499svE1t1WSt4wOP+1B/LFJyk/1i9jXOfqYGiR5MHeBY6PXpjW/PkdSRudOIJ+4gkXdGIXTu41uIm5XLCIF5H9JHV6IgulurGia6Hp60omc6WG+gSUw== Hiroki macbook air\n          - ssh-rsa AAAAB3NzaC1yc2EAAAADAQABAAABgQDMrBQUa4iADNPo3q/AQjpQyt1GFsdYKEW9Hd8kC478o3G4UbpuempbF/TlLixp/5tusMQjV9n/8kMJF1kj4lrsFHShftd7+ZXvUKkny8vEOF7aj79j3V9nYFPJ4NFIuJdzPsdfBG51DaT3wbossCEZshfNMc9iBISSLbSwDi6rwxCZX75GvQlMOR5TZSOXe7exj/28QSkyI9hcCbnbK0JG6Kabcxh1ZFAX/BwxDv/ywShWNbM2Y66KbO0BcjQjRPPgEIE05nW7C5Q0K5XJ5DAWHFzdACQakkRUuWXFrNS7ptZSIBY5BKryc0jq0JJinnmoAkMuEKCwUBIVa+5C4EokAM+ICTTaf6kWzWeraueZ4czFUdS5F7R6G/YNP6yTwmx2Y07lLt3m9EijxM8VTDgYsSS2R4yP8KGC1cof7W/Ia+8ZYdPR8Yg/QwfV+OP4CQELaIG1YvZldMJ1KUUsrkFNZ9cNbVtQIL2VLhw/P+PtOBlKgpESE+NvYDG7+3cImTk= hiroki11hanada@gmail.com\n          - ssh-rsa AAAAB3NzaC1yc2EAAAADAQABAAABgQDYjW/93hLwUGJam0gJ5men/mLvd55egqUCkIN9xyH8Z9qbZd4eOAtto8JbaDqP5YN+Ct7besY3VJiH9MtG9fg0iEGZkWjRPQ7fFVEte532oY9YEdnJtvtwVfkQIXjsc+/BMmD/INei7nq0kUpmF3OtQ7VDeTJ/fE0SRv8HVRPeGH0Cp3tM6q/XgOPRcXgcKZhZD58aoXeCasaF9CuGNoIkTtVzoDlCrg5ooGiYo1OADfMxB5NtdWSwhASp8JvjnVddei7aD9gZTtrBnES90gUtZ2ocy/NVunGkPUILdrCbQw35p5LX327VE97Z6DqdlFKqwNQ1svTRQ1P5c8wK+sG9ykXYBM5VEyT0MIAqinYIUhuOlwA5pxmyscI8VCOjCGxviYG+Jy6ZvN6WujfijNUew839qMivR2COF/m5vM8v07HaySVsHgjC1xvVpkQK7Zj4Ybabr4+EJPuZKXnyq6tww9UHK7PkYzHZJUNn+cbb7r1jkhgoxptYwpMutDcxu/c= hirokihanada@Hirokis-MacBook-Air.local\n        # ssh_import_id:\n    #   - gh:hanapedia\ngrowpart:\n  ignore_growroot_disabled: false\n  mode: auto\n  devices: \n    - \"/\"\npackages:\n  - qemu-guest-agent\n  - network-manager\n# runcmd:\n#   - dhclient -r\n#   - dhclient  \nfinal_message: \"The system is up and running\"\n\n\n"
          },
          "sensitive_attributes": [],
          "private": "bnVsbA=="
        }
      ]
    },
    {
      "module": "module.node[2]",
      "mode": "managed",
      "type": "libvirt_domain",
      "name": "ubuntu_domain",
      "provider": "provider[\"registry.terraform.io/dmacvicar/libvirt\"]",
      "instances": [
        {
          "schema_version": 0,
          "attributes": {
            "arch": "x86_64",
            "autostart": true,
            "boot_device": [],
            "cloudinit": "/Users/hirokihanada/.kvm/k8s-v1/home-cluster-node3_commoninit.iso;c21cb663-7493-4036-a8cd-e834cc7f1147",
            "cmdline": null,
            "console": [
              {
                "source_host": "127.0.0.1",
                "source_path": "",
                "source_service": "0",
                "target_port": "0",
                "target_type": "serial",
                "type": "pty"
              }
            ],
            "coreos_ignition": null,
            "cpu": [],
            "description": "",
            "disk": [
              {
                "block_device": "",
                "file": "",
                "scsi": false,
                "url": "",
                "volume_id": "/Users/hirokihanada/.kvm/k8s-v1/home-cluster-node3",
                "wwn": ""
              }
            ],
            "emulator": "/usr/bin/qemu-system-x86_64",
            "filesystem": [],
            "firmware": "",
            "fw_cfg_name": "opt/com.coreos/config",
            "graphics": [],
            "id": "b0418b8d-8f12-4e33-b24f-e25c1efa957e",
            "initrd": "",
            "kernel": "",
            "machine": "ubuntu",
            "memory": 8192,
            "metadata": null,
            "name": "home-cluster-node3",
            "network_interface": [
              {
                "addresses": [
                  "192.168.100.223"
                ],
                "bridge": "",
                "hostname": "home-cluster-node3",
                "mac": "52:54:00:06:3E:1D",
                "macvtap": "",
                "network_id": "930acebe-914d-4cdc-8134-516de3164a81",
                "network_name": "k8s-v1",
                "passthrough": "",
                "vepa": "",
                "wait_for_lease": true
              }
            ],
            "nvram": [],
            "qemu_agent": false,
            "running": true,
            "timeouts": null,
            "tpm": [],
            "vcpu": 2,
            "video": [],
            "xml": []
          },
          "sensitive_attributes": [],
          "private": "eyJlMmJmYjczMC1lY2FhLTExZTYtOGY4OC0zNDM2M2JjN2M0YzAiOnsiY3JlYXRlIjozMDAwMDAwMDAwMDB9fQ==",
          "dependencies": [
            "libvirt_volume.ubuntu_base_img",
            "module.node.libvirt_cloudinit_disk.commoninit",
            "module.node.libvirt_volume.ubuntu_qcow2"
          ]
        }
      ]
    },
    {
      "module": "module.node[2]",
      "mode": "managed",
      "type": "libvirt_volume",
      "name": "ubuntu_qcow2",
      "provider": "provider[\"registry.terraform.io/dmacvicar/libvirt\"]",
      "instances": [
        {
          "schema_version": 0,
          "attributes": {
            "base_volume_id": "/Users/hirokihanada/.kvm/k8s-v1/ubuntu_base_img",
            "base_volume_name": null,
            "base_volume_pool": null,
            "format": "qcow2",
            "id": "/Users/hirokihanada/.kvm/k8s-v1/home-cluster-node3",
            "name": "home-cluster-node3",
            "pool": "k8s-v1",
            "size": 25769803776,
            "source": null,
            "xml": []
          },
          "sensitive_attributes": [],
          "private": "bnVsbA==",
          "dependencies": [
            "libvirt_volume.ubuntu_base_img"
          ]
        }
      ]
    }
  ]
}
